
Microsoft Visual Studio Solution File, Format Version 12.00
# Visual Studio 2012
Project("{FAE04EC0-301F-11D3-BF4B-00C04F79EFBC}") = "Probrem3_1", "Probrem3_1\Probrem3_1.csproj", "{FC1DEDBC-0911-4B11-89B3-8327F3CA498A}"
EndProject
Project("{FAE04EC0-301F-11D3-BF4B-00C04F79EFBC}") = "Probrem3_2", "Probrem3_2\Probrem3_2.csproj", "{9D17D9DC-F22D-4B5C-B4ED-F182DC416893}"
EndProject
Global
	GlobalSection(SolutionConfigurationPlatforms) = preSolution
		Debug|Any CPU = Debug|Any CPU
		Release|Any CPU = Release|Any CPU
	EndGlobalSection
	GlobalSection(ProjectConfigurationPlatforms) = postSolution
		{FC1DEDBC-0911-4B11-89B3-8327F3CA498A}.Debug|Any CPU.ActiveCfg = Debug|Any CPU
		{FC1DEDBC-0911-4B11-89B3-8327F3CA498A}.Debug|Any CPU.Build.0 = Debug|Any CPU
		{FC1DEDBC-0911-4B11-89B3-8327F3CA498A}.Release|Any CPU.ActiveCfg = Release|Any CPU
		{FC1DEDBC-0911-4B11-89B3-8327F3CA498A}.Release|Any CPU.Build.0 = Release|Any CPU
		{9D17D9DC-F22D-4B5C-B4ED-F182DC416893}.Debug|Any CPU.ActiveCfg = Debug|Any CPU
		{9D17D9DC-F22D-4B5C-B4ED-F182DC416893}.Debug|Any CPU.Build.0 = Debug|Any CPU
		{9D17D9DC-F22D-4B5C-B4ED-F182DC416893}.Release|Any CPU.ActiveCfg = Release|Any CPU
		{9D17D9DC-F22D-4B5C-B4ED-F182DC416893}.Release|Any CPU.Build.0 = Release|Any CPU
	EndGlobalSection
EndGlobal
