
Microsoft Visual Studio Solution File, Format Version 12.00
# Visual Studio 2012
Project("{FAE04EC0-301F-11D3-BF4B-00C04F79EFBC}") = "Probrem6_1", "Probrem6_1\Probrem6_1.csproj", "{2B861718-B89F-4552-B0DA-29007A98C2F3}"
EndProject
Project("{FAE04EC0-301F-11D3-BF4B-00C04F79EFBC}") = "Probrem6_2", "Probrem6_2\Probrem6_2.csproj", "{968DDBD8-2166-4E18-84E5-690B218D22FF}"
EndProject
Project("{FAE04EC0-301F-11D3-BF4B-00C04F79EFBC}") = "Probrem6_3", "Probrem6_3\Probrem6_3.csproj", "{D2A5C74C-C7C2-428B-A09C-C9CCEC13109E}"
EndProject
Project("{FAE04EC0-301F-11D3-BF4B-00C04F79EFBC}") = "Probrem6_4", "Probrem6_4\Probrem6_4.csproj", "{E971A6E9-EDFB-49E6-8982-0762F3545C90}"
EndProject
Project("{FAE04EC0-301F-11D3-BF4B-00C04F79EFBC}") = "Probrem6_5", "Probrem6_5\Probrem6_5.csproj", "{F2028E6D-8068-47B7-B19C-884767C74575}"
EndProject
Project("{FAE04EC0-301F-11D3-BF4B-00C04F79EFBC}") = "Probrem6_6", "Probrem6_6\Probrem6_6.csproj", "{CC66885B-607B-48EB-A7B4-A08557C5ED13}"
EndProject
Project("{2150E333-8FDC-42A3-9474-1A3956D46DE8}") = "Solution Items", "Solution Items", "{5DF121FB-BDE8-4466-9A08-2801F3F6FE99}"
	ProjectSection(SolutionItems) = preProject
		Probrem6.sln = Probrem6.sln
	EndProjectSection
EndProject
Project("{FAE04EC0-301F-11D3-BF4B-00C04F79EFBC}") = "Probrem6_7", "Probrem6_7\Probrem6_7.csproj", "{37B52531-67B4-46CC-8200-4D45769C81E7}"
EndProject
Global
	GlobalSection(SolutionConfigurationPlatforms) = preSolution
		Debug|Any CPU = Debug|Any CPU
		Release|Any CPU = Release|Any CPU
	EndGlobalSection
	GlobalSection(ProjectConfigurationPlatforms) = postSolution
		{2B861718-B89F-4552-B0DA-29007A98C2F3}.Debug|Any CPU.ActiveCfg = Debug|Any CPU
		{2B861718-B89F-4552-B0DA-29007A98C2F3}.Debug|Any CPU.Build.0 = Debug|Any CPU
		{2B861718-B89F-4552-B0DA-29007A98C2F3}.Release|Any CPU.ActiveCfg = Release|Any CPU
		{2B861718-B89F-4552-B0DA-29007A98C2F3}.Release|Any CPU.Build.0 = Release|Any CPU
		{968DDBD8-2166-4E18-84E5-690B218D22FF}.Debug|Any CPU.ActiveCfg = Debug|Any CPU
		{968DDBD8-2166-4E18-84E5-690B218D22FF}.Debug|Any CPU.Build.0 = Debug|Any CPU
		{968DDBD8-2166-4E18-84E5-690B218D22FF}.Release|Any CPU.ActiveCfg = Release|Any CPU
		{968DDBD8-2166-4E18-84E5-690B218D22FF}.Release|Any CPU.Build.0 = Release|Any CPU
		{D2A5C74C-C7C2-428B-A09C-C9CCEC13109E}.Debug|Any CPU.ActiveCfg = Debug|Any CPU
		{D2A5C74C-C7C2-428B-A09C-C9CCEC13109E}.Debug|Any CPU.Build.0 = Debug|Any CPU
		{D2A5C74C-C7C2-428B-A09C-C9CCEC13109E}.Release|Any CPU.ActiveCfg = Release|Any CPU
		{D2A5C74C-C7C2-428B-A09C-C9CCEC13109E}.Release|Any CPU.Build.0 = Release|Any CPU
		{E971A6E9-EDFB-49E6-8982-0762F3545C90}.Debug|Any CPU.ActiveCfg = Debug|Any CPU
		{E971A6E9-EDFB-49E6-8982-0762F3545C90}.Debug|Any CPU.Build.0 = Debug|Any CPU
		{E971A6E9-EDFB-49E6-8982-0762F3545C90}.Release|Any CPU.ActiveCfg = Release|Any CPU
		{E971A6E9-EDFB-49E6-8982-0762F3545C90}.Release|Any CPU.Build.0 = Release|Any CPU
		{F2028E6D-8068-47B7-B19C-884767C74575}.Debug|Any CPU.ActiveCfg = Debug|Any CPU
		{F2028E6D-8068-47B7-B19C-884767C74575}.Debug|Any CPU.Build.0 = Debug|Any CPU
		{F2028E6D-8068-47B7-B19C-884767C74575}.Release|Any CPU.ActiveCfg = Release|Any CPU
		{F2028E6D-8068-47B7-B19C-884767C74575}.Release|Any CPU.Build.0 = Release|Any CPU
		{CC66885B-607B-48EB-A7B4-A08557C5ED13}.Debug|Any CPU.ActiveCfg = Debug|Any CPU
		{CC66885B-607B-48EB-A7B4-A08557C5ED13}.Debug|Any CPU.Build.0 = Debug|Any CPU
		{CC66885B-607B-48EB-A7B4-A08557C5ED13}.Release|Any CPU.ActiveCfg = Release|Any CPU
		{CC66885B-607B-48EB-A7B4-A08557C5ED13}.Release|Any CPU.Build.0 = Release|Any CPU
		{37B52531-67B4-46CC-8200-4D45769C81E7}.Debug|Any CPU.ActiveCfg = Debug|Any CPU
		{37B52531-67B4-46CC-8200-4D45769C81E7}.Debug|Any CPU.Build.0 = Debug|Any CPU
		{37B52531-67B4-46CC-8200-4D45769C81E7}.Release|Any CPU.ActiveCfg = Release|Any CPU
		{37B52531-67B4-46CC-8200-4D45769C81E7}.Release|Any CPU.Build.0 = Release|Any CPU
	EndGlobalSection
EndGlobal
